
Microsoft Visual Studio Solution File, Format Version 12.00
# Visual Studio Version 17
VisualStudioVersion = 17.7.34202.233
MinimumVisualStudioVersion = 10.0.40219.1
Project("{FAE04EC0-301F-11D3-BF4B-00C04F79EFBC}") = "eShopSolution.WebApp", "eShopSolution.WebApp\eShopSolution.WebApp.csproj", "{99E928DD-8561-4BA3-B92D-84E2C6D012BA}"
EndProject
Global
	GlobalSection(SolutionConfigurationPlatforms) = preSolution
		Debug|Any CPU = Debug|Any CPU
		Release|Any CPU = Release|Any CPU
	EndGlobalSection
	GlobalSection(ProjectConfigurationPlatforms) = postSolution
		{99E928DD-8561-4BA3-B92D-84E2C6D012BA}.Debug|Any CPU.ActiveCfg = Debug|Any CPU
		{99E928DD-8561-4BA3-B92D-84E2C6D012BA}.Debug|Any CPU.Build.0 = Debug|Any CPU
		{99E928DD-8561-4BA3-B92D-84E2C6D012BA}.Release|Any CPU.ActiveCfg = Release|Any CPU
		{99E928DD-8561-4BA3-B92D-84E2C6D012BA}.Release|Any CPU.Build.0 = Release|Any CPU
	EndGlobalSection
	GlobalSection(SolutionProperties) = preSolution
		HideSolutionNode = FALSE
	EndGlobalSection
	GlobalSection(ExtensibilityGlobals) = postSolution
		SolutionGuid = {46003EDF-F6D1-4101-866A-28397EF8B308}
	EndGlobalSection
EndGlobal
